
Microsoft Visual Studio Solution File, Format Version 12.00
# Visual Studio Version 17
VisualStudioVersion = 17.7.34024.191
MinimumVisualStudioVersion = 10.0.40219.1
Project("{FAE04EC0-301F-11D3-BF4B-00C04F79EFBC}") = "AdventOfCode2023", "AdventOfCode2023\AdventOfCode2023.csproj", "{8703D886-8589-441D-B9F6-5F8E54676EEC}"
EndProject
Global
	GlobalSection(SolutionConfigurationPlatforms) = preSolution
		Debug|Any CPU = Debug|Any CPU
		Release|Any CPU = Release|Any CPU
	EndGlobalSection
	GlobalSection(ProjectConfigurationPlatforms) = postSolution
		{8703D886-8589-441D-B9F6-5F8E54676EEC}.Debug|Any CPU.ActiveCfg = Debug|Any CPU
		{8703D886-8589-441D-B9F6-5F8E54676EEC}.Debug|Any CPU.Build.0 = Debug|Any CPU
		{8703D886-8589-441D-B9F6-5F8E54676EEC}.Release|Any CPU.ActiveCfg = Release|Any CPU
		{8703D886-8589-441D-B9F6-5F8E54676EEC}.Release|Any CPU.Build.0 = Release|Any CPU
	EndGlobalSection
	GlobalSection(SolutionProperties) = preSolution
		HideSolutionNode = FALSE
	EndGlobalSection
	GlobalSection(ExtensibilityGlobals) = postSolution
		SolutionGuid = {5B70070F-544D-4317-9C5F-4BC4CB01AC33}
	EndGlobalSection
EndGlobal
